
Microsoft Visual Studio Solution File, Format Version 12.00
# Visual Studio 15
VisualStudioVersion = 15.0.28307.168
MinimumVisualStudioVersion = 10.0.40219.1
Project("{FAE04EC0-301F-11D3-BF4B-00C04F79EFBC}") = "c0695906", "c0695906\c0695906.csproj", "{0D38DA6C-4144-49EA-941E-01DD22B2C156}"
EndProject
Global
	GlobalSection(SolutionConfigurationPlatforms) = preSolution
		Debug|Any CPU = Debug|Any CPU
		Release|Any CPU = Release|Any CPU
	EndGlobalSection
	GlobalSection(ProjectConfigurationPlatforms) = postSolution
		{0D38DA6C-4144-49EA-941E-01DD22B2C156}.Debug|Any CPU.ActiveCfg = Debug|Any CPU
		{0D38DA6C-4144-49EA-941E-01DD22B2C156}.Debug|Any CPU.Build.0 = Debug|Any CPU
		{0D38DA6C-4144-49EA-941E-01DD22B2C156}.Release|Any CPU.ActiveCfg = Release|Any CPU
		{0D38DA6C-4144-49EA-941E-01DD22B2C156}.Release|Any CPU.Build.0 = Release|Any CPU
	EndGlobalSection
	GlobalSection(SolutionProperties) = preSolution
		HideSolutionNode = FALSE
	EndGlobalSection
	GlobalSection(ExtensibilityGlobals) = postSolution
		SolutionGuid = {83FE23B0-EFCF-47AB-A1E8-46A903577103}
	EndGlobalSection
EndGlobal
